
Microsoft Visual Studio Solution File, Format Version 12.00
# Visual Studio Version 17
VisualStudioVersion = 17.5.002.0
MinimumVisualStudioVersion = 10.0.40219.1
Project("{9A19103F-16F7-4668-BE54-9A1E7A4F7556}") = "SEMANA01", "SEMANA01\SEMANA01.csproj", "{BA881B0C-824D-454F-9A96-D8DC9C7F753F}"
EndProject
Project("{9A19103F-16F7-4668-BE54-9A1E7A4F7556}") = "SEMANA02", "SEMANA02\SEMANA02.csproj", "{9861DC25-A2AB-4B47-B59B-029E09B3A05F}"
EndProject
Global
	GlobalSection(SolutionConfigurationPlatforms) = preSolution
		Debug|Any CPU = Debug|Any CPU
		Release|Any CPU = Release|Any CPU
	EndGlobalSection
	GlobalSection(ProjectConfigurationPlatforms) = postSolution
		{BA881B0C-824D-454F-9A96-D8DC9C7F753F}.Debug|Any CPU.ActiveCfg = Debug|Any CPU
		{BA881B0C-824D-454F-9A96-D8DC9C7F753F}.Debug|Any CPU.Build.0 = Debug|Any CPU
		{BA881B0C-824D-454F-9A96-D8DC9C7F753F}.Release|Any CPU.ActiveCfg = Release|Any CPU
		{BA881B0C-824D-454F-9A96-D8DC9C7F753F}.Release|Any CPU.Build.0 = Release|Any CPU
		{9861DC25-A2AB-4B47-B59B-029E09B3A05F}.Debug|Any CPU.ActiveCfg = Debug|Any CPU
		{9861DC25-A2AB-4B47-B59B-029E09B3A05F}.Debug|Any CPU.Build.0 = Debug|Any CPU
		{9861DC25-A2AB-4B47-B59B-029E09B3A05F}.Release|Any CPU.ActiveCfg = Release|Any CPU
		{9861DC25-A2AB-4B47-B59B-029E09B3A05F}.Release|Any CPU.Build.0 = Release|Any CPU
	EndGlobalSection
	GlobalSection(SolutionProperties) = preSolution
		HideSolutionNode = FALSE
	EndGlobalSection
	GlobalSection(ExtensibilityGlobals) = postSolution
		SolutionGuid = {616E2C5A-3FC1-416A-9A7E-353EEC532744}
	EndGlobalSection
EndGlobal
